
Microsoft Visual Studio Solution File, Format Version 12.00
# Visual Studio Version 16
VisualStudioVersion = 16.0.30114.105
MinimumVisualStudioVersion = 10.0.40219.1
Project("{FAE04EC0-301F-11D3-BF4B-00C04F79EFBC}") = "aoc_d1_p2", "aoc_d1_p2\aoc_d1_p2.csproj", "{2CFCE0EA-122F-4275-92F5-C10F21D7B996}"
EndProject
Global
	GlobalSection(SolutionConfigurationPlatforms) = preSolution
		Debug|Any CPU = Debug|Any CPU
		Release|Any CPU = Release|Any CPU
	EndGlobalSection
	GlobalSection(ProjectConfigurationPlatforms) = postSolution
		{2CFCE0EA-122F-4275-92F5-C10F21D7B996}.Debug|Any CPU.ActiveCfg = Debug|Any CPU
		{2CFCE0EA-122F-4275-92F5-C10F21D7B996}.Debug|Any CPU.Build.0 = Debug|Any CPU
		{2CFCE0EA-122F-4275-92F5-C10F21D7B996}.Release|Any CPU.ActiveCfg = Release|Any CPU
		{2CFCE0EA-122F-4275-92F5-C10F21D7B996}.Release|Any CPU.Build.0 = Release|Any CPU
	EndGlobalSection
	GlobalSection(SolutionProperties) = preSolution
		HideSolutionNode = FALSE
	EndGlobalSection
	GlobalSection(ExtensibilityGlobals) = postSolution
		SolutionGuid = {9370C729-35E8-433B-BDD2-D240BAA0AFD8}
	EndGlobalSection
EndGlobal
