
Microsoft Visual Studio Solution File, Format Version 12.00
# Visual Studio Version 16
VisualStudioVersion = 16.0.30114.105
MinimumVisualStudioVersion = 10.0.40219.1
Project("{FAE04EC0-301F-11D3-BF4B-00C04F79EFBC}") = "aoc_d2_p1", "aoc_d2_p1\aoc_d2_p1.csproj", "{7E3B2069-5C81-477E-8924-CD0E7BA76DDA}"
EndProject
Global
	GlobalSection(SolutionConfigurationPlatforms) = preSolution
		Debug|Any CPU = Debug|Any CPU
		Release|Any CPU = Release|Any CPU
	EndGlobalSection
	GlobalSection(ProjectConfigurationPlatforms) = postSolution
		{7E3B2069-5C81-477E-8924-CD0E7BA76DDA}.Debug|Any CPU.ActiveCfg = Debug|Any CPU
		{7E3B2069-5C81-477E-8924-CD0E7BA76DDA}.Debug|Any CPU.Build.0 = Debug|Any CPU
		{7E3B2069-5C81-477E-8924-CD0E7BA76DDA}.Release|Any CPU.ActiveCfg = Release|Any CPU
		{7E3B2069-5C81-477E-8924-CD0E7BA76DDA}.Release|Any CPU.Build.0 = Release|Any CPU
	EndGlobalSection
	GlobalSection(SolutionProperties) = preSolution
		HideSolutionNode = FALSE
	EndGlobalSection
	GlobalSection(ExtensibilityGlobals) = postSolution
		SolutionGuid = {DB0DB9FA-D1BC-4FFA-82D6-E9E15188031C}
	EndGlobalSection
EndGlobal
